
Microsoft Visual Studio Solution File, Format Version 12.00
# Visual Studio Version 17
VisualStudioVersion = 17.9.34723.18
MinimumVisualStudioVersion = 10.0.40219.1
Project("{FAE04EC0-301F-11D3-BF4B-00C04F79EFBC}") = "C#-Practice-1", "C#-Practice-1\C#-Practice-1.csproj", "{313D9006-2FC7-416E-A692-05BA02CD237F}"
EndProject
Global
	GlobalSection(SolutionConfigurationPlatforms) = preSolution
		Debug|Any CPU = Debug|Any CPU
		Release|Any CPU = Release|Any CPU
	EndGlobalSection
	GlobalSection(ProjectConfigurationPlatforms) = postSolution
		{313D9006-2FC7-416E-A692-05BA02CD237F}.Debug|Any CPU.ActiveCfg = Debug|Any CPU
		{313D9006-2FC7-416E-A692-05BA02CD237F}.Debug|Any CPU.Build.0 = Debug|Any CPU
		{313D9006-2FC7-416E-A692-05BA02CD237F}.Release|Any CPU.ActiveCfg = Release|Any CPU
		{313D9006-2FC7-416E-A692-05BA02CD237F}.Release|Any CPU.Build.0 = Release|Any CPU
	EndGlobalSection
	GlobalSection(SolutionProperties) = preSolution
		HideSolutionNode = FALSE
	EndGlobalSection
	GlobalSection(ExtensibilityGlobals) = postSolution
		SolutionGuid = {7CF169FE-18BA-4695-9562-DF8D119401DD}
	EndGlobalSection
EndGlobal
