
Microsoft Visual Studio Solution File, Format Version 12.00
# Visual Studio Version 17
VisualStudioVersion = 17.9.34723.18
MinimumVisualStudioVersion = 10.0.40219.1
Project("{FAE04EC0-301F-11D3-BF4B-00C04F79EFBC}") = "C#-Practice-1", "C#-Practice-1\C#-Practice-1.csproj", "{EDB74DF4-3342-430C-984C-454440B650F8}"
EndProject
Global
	GlobalSection(SolutionConfigurationPlatforms) = preSolution
		Debug|Any CPU = Debug|Any CPU
		Release|Any CPU = Release|Any CPU
	EndGlobalSection
	GlobalSection(ProjectConfigurationPlatforms) = postSolution
		{EDB74DF4-3342-430C-984C-454440B650F8}.Debug|Any CPU.ActiveCfg = Debug|Any CPU
		{EDB74DF4-3342-430C-984C-454440B650F8}.Debug|Any CPU.Build.0 = Debug|Any CPU
		{EDB74DF4-3342-430C-984C-454440B650F8}.Release|Any CPU.ActiveCfg = Release|Any CPU
		{EDB74DF4-3342-430C-984C-454440B650F8}.Release|Any CPU.Build.0 = Release|Any CPU
	EndGlobalSection
	GlobalSection(SolutionProperties) = preSolution
		HideSolutionNode = FALSE
	EndGlobalSection
	GlobalSection(ExtensibilityGlobals) = postSolution
		SolutionGuid = {939E63FF-2987-4CD8-BEDD-2B9C29755EF3}
	EndGlobalSection
EndGlobal
