
Microsoft Visual Studio Solution File, Format Version 12.00
# Visual Studio Version 17
VisualStudioVersion = 17.9.34723.18
MinimumVisualStudioVersion = 10.0.40219.1
Project("{FAE04EC0-301F-11D3-BF4B-00C04F79EFBC}") = "C#_Practice-1", "C#_Practice-1\C#_Practice-1.csproj", "{1BCF9777-890A-487C-BE99-6D2A9D3DE3DB}"
EndProject
Global
	GlobalSection(SolutionConfigurationPlatforms) = preSolution
		Debug|Any CPU = Debug|Any CPU
		Release|Any CPU = Release|Any CPU
	EndGlobalSection
	GlobalSection(ProjectConfigurationPlatforms) = postSolution
		{1BCF9777-890A-487C-BE99-6D2A9D3DE3DB}.Debug|Any CPU.ActiveCfg = Debug|Any CPU
		{1BCF9777-890A-487C-BE99-6D2A9D3DE3DB}.Debug|Any CPU.Build.0 = Debug|Any CPU
		{1BCF9777-890A-487C-BE99-6D2A9D3DE3DB}.Release|Any CPU.ActiveCfg = Release|Any CPU
		{1BCF9777-890A-487C-BE99-6D2A9D3DE3DB}.Release|Any CPU.Build.0 = Release|Any CPU
	EndGlobalSection
	GlobalSection(SolutionProperties) = preSolution
		HideSolutionNode = FALSE
	EndGlobalSection
	GlobalSection(ExtensibilityGlobals) = postSolution
		SolutionGuid = {73111C3F-59D6-4518-9223-BCBDD36DC37C}
	EndGlobalSection
EndGlobal
