
Microsoft Visual Studio Solution File, Format Version 12.00
# Visual Studio Version 17
VisualStudioVersion = 17.9.34723.18
MinimumVisualStudioVersion = 10.0.40219.1
Project("{FAE04EC0-301F-11D3-BF4B-00C04F79EFBC}") = "C#-Practice-1", "C#-Practice-1\C#-Practice-1.csproj", "{7357E622-5F32-4C71-899A-3F756BB0BDCC}"
EndProject
Global
	GlobalSection(SolutionConfigurationPlatforms) = preSolution
		Debug|Any CPU = Debug|Any CPU
		Release|Any CPU = Release|Any CPU
	EndGlobalSection
	GlobalSection(ProjectConfigurationPlatforms) = postSolution
		{7357E622-5F32-4C71-899A-3F756BB0BDCC}.Debug|Any CPU.ActiveCfg = Debug|Any CPU
		{7357E622-5F32-4C71-899A-3F756BB0BDCC}.Debug|Any CPU.Build.0 = Debug|Any CPU
		{7357E622-5F32-4C71-899A-3F756BB0BDCC}.Release|Any CPU.ActiveCfg = Release|Any CPU
		{7357E622-5F32-4C71-899A-3F756BB0BDCC}.Release|Any CPU.Build.0 = Release|Any CPU
	EndGlobalSection
	GlobalSection(SolutionProperties) = preSolution
		HideSolutionNode = FALSE
	EndGlobalSection
	GlobalSection(ExtensibilityGlobals) = postSolution
		SolutionGuid = {ED76238D-D8D8-4AE2-B923-739938B39411}
	EndGlobalSection
EndGlobal
