
Microsoft Visual Studio Solution File, Format Version 12.00
# Visual Studio Version 17
VisualStudioVersion = 17.9.34723.18
MinimumVisualStudioVersion = 10.0.40219.1
Project("{FAE04EC0-301F-11D3-BF4B-00C04F79EFBC}") = "C#-Practice-2", "C#-Practice-2\C#-Practice-2.csproj", "{3461A6C0-DC6B-4D44-AEFA-FA67BCC5827A}"
EndProject
Global
	GlobalSection(SolutionConfigurationPlatforms) = preSolution
		Debug|Any CPU = Debug|Any CPU
		Release|Any CPU = Release|Any CPU
	EndGlobalSection
	GlobalSection(ProjectConfigurationPlatforms) = postSolution
		{3461A6C0-DC6B-4D44-AEFA-FA67BCC5827A}.Debug|Any CPU.ActiveCfg = Debug|Any CPU
		{3461A6C0-DC6B-4D44-AEFA-FA67BCC5827A}.Debug|Any CPU.Build.0 = Debug|Any CPU
		{3461A6C0-DC6B-4D44-AEFA-FA67BCC5827A}.Release|Any CPU.ActiveCfg = Release|Any CPU
		{3461A6C0-DC6B-4D44-AEFA-FA67BCC5827A}.Release|Any CPU.Build.0 = Release|Any CPU
	EndGlobalSection
	GlobalSection(SolutionProperties) = preSolution
		HideSolutionNode = FALSE
	EndGlobalSection
	GlobalSection(ExtensibilityGlobals) = postSolution
		SolutionGuid = {373DC6D2-1146-4D28-8B66-54AE5F3B58CE}
	EndGlobalSection
EndGlobal
