
Microsoft Visual Studio Solution File, Format Version 12.00
# Visual Studio Version 17
VisualStudioVersion = 17.8.34330.188
MinimumVisualStudioVersion = 10.0.40219.1
Project("{FAE04EC0-301F-11D3-BF4B-00C04F79EFBC}") = "C#-Practice-1", "C#-Practice-1\C#-Practice-1.csproj", "{312F35B0-F32D-443F-849A-36F390833CAB}"
EndProject
Global
	GlobalSection(SolutionConfigurationPlatforms) = preSolution
		Debug|Any CPU = Debug|Any CPU
		Release|Any CPU = Release|Any CPU
	EndGlobalSection
	GlobalSection(ProjectConfigurationPlatforms) = postSolution
		{312F35B0-F32D-443F-849A-36F390833CAB}.Debug|Any CPU.ActiveCfg = Debug|Any CPU
		{312F35B0-F32D-443F-849A-36F390833CAB}.Debug|Any CPU.Build.0 = Debug|Any CPU
		{312F35B0-F32D-443F-849A-36F390833CAB}.Release|Any CPU.ActiveCfg = Release|Any CPU
		{312F35B0-F32D-443F-849A-36F390833CAB}.Release|Any CPU.Build.0 = Release|Any CPU
	EndGlobalSection
	GlobalSection(SolutionProperties) = preSolution
		HideSolutionNode = FALSE
	EndGlobalSection
	GlobalSection(ExtensibilityGlobals) = postSolution
		SolutionGuid = {3C749049-796D-4D5A-98A1-EACFF785C6A7}
	EndGlobalSection
EndGlobal
