
Microsoft Visual Studio Solution File, Format Version 12.00
# Visual Studio Version 17
VisualStudioVersion = 17.9.34723.18
MinimumVisualStudioVersion = 10.0.40219.1
Project("{FAE04EC0-301F-11D3-BF4B-00C04F79EFBC}") = "Collection-Practice-1", "Collection-Practice-1\Collection-Practice-1.csproj", "{F5118748-EFA8-4EA9-8F78-132BBFEE1731}"
EndProject
Global
	GlobalSection(SolutionConfigurationPlatforms) = preSolution
		Debug|Any CPU = Debug|Any CPU
		Release|Any CPU = Release|Any CPU
	EndGlobalSection
	GlobalSection(ProjectConfigurationPlatforms) = postSolution
		{F5118748-EFA8-4EA9-8F78-132BBFEE1731}.Debug|Any CPU.ActiveCfg = Debug|Any CPU
		{F5118748-EFA8-4EA9-8F78-132BBFEE1731}.Debug|Any CPU.Build.0 = Debug|Any CPU
		{F5118748-EFA8-4EA9-8F78-132BBFEE1731}.Release|Any CPU.ActiveCfg = Release|Any CPU
		{F5118748-EFA8-4EA9-8F78-132BBFEE1731}.Release|Any CPU.Build.0 = Release|Any CPU
	EndGlobalSection
	GlobalSection(SolutionProperties) = preSolution
		HideSolutionNode = FALSE
	EndGlobalSection
	GlobalSection(ExtensibilityGlobals) = postSolution
		SolutionGuid = {F3273056-0556-43AA-A548-9B08472F6D42}
	EndGlobalSection
EndGlobal
